
Microsoft Visual Studio Solution File, Format Version 12.00
# Visual Studio Version 17
VisualStudioVersion = 17.0.31903.59
MinimumVisualStudioVersion = 10.0.40219.1
Project("{2150E333-8FDC-42A3-9474-1A3956D46DE8}") = "qtht", "qtht", "{05F57C3A-2CF0-97EB-B164-D10326258EE5}"
EndProject
Project("{FAE04EC0-301F-11D3-BF4B-00C04F79EFBC}") = "Web_API", "qtht\Web_API\Web_API.csproj", "{7C4101E8-9499-40CD-9CAA-CF83D93AC512}"
EndProject
Project("{FAE04EC0-301F-11D3-BF4B-00C04F79EFBC}") = "Application", "qtht\Application\Application.csproj", "{56F2F2B6-37D4-4134-977B-09A8C74D096D}"
EndProject
Project("{FAE04EC0-301F-11D3-BF4B-00C04F79EFBC}") = "Domain", "qtht\Domain\Domain.csproj", "{AD713BFE-7F6A-4355-924A-0D56DC040AAF}"
EndProject
Project("{FAE04EC0-301F-11D3-BF4B-00C04F79EFBC}") = "Infrastructure", "qtht\Infrastructure\Infrastructure.csproj", "{C2067DA2-8D67-417F-88EB-96B220A12D38}"
EndProject
Project("{FAE04EC0-301F-11D3-BF4B-00C04F79EFBC}") = "Qtht.Data", "qtht\Code\DatabaseGeneric\Qtht.Data.csproj", "{42B18ACF-F378-409A-984C-4075C8E3EB19}"
EndProject
Project("{FAE04EC0-301F-11D3-BF4B-00C04F79EFBC}") = "Qtht.DataDBSpecific", "qtht\Code\DatabaseSpecific\Qtht.DataDBSpecific.csproj", "{29C1EF56-0AAD-499D-8DDF-589FF4392DEF}"
EndProject
Project("{FAE04EC0-301F-11D3-BF4B-00C04F79EFBC}") = "API.GateWay", "API.GateWay\API.GateWay.csproj", "{F2D4AE19-F087-4D89-928D-646E24B6B80C}"
EndProject
Global
	GlobalSection(SolutionConfigurationPlatforms) = preSolution
		Debug|Any CPU = Debug|Any CPU
		Debug|x64 = Debug|x64
		Debug|x86 = Debug|x86
		Release|Any CPU = Release|Any CPU
		Release|x64 = Release|x64
		Release|x86 = Release|x86
	EndGlobalSection
	GlobalSection(ProjectConfigurationPlatforms) = postSolution
		{7C4101E8-9499-40CD-9CAA-CF83D93AC512}.Debug|Any CPU.ActiveCfg = Debug|Any CPU
		{7C4101E8-9499-40CD-9CAA-CF83D93AC512}.Debug|Any CPU.Build.0 = Debug|Any CPU
		{7C4101E8-9499-40CD-9CAA-CF83D93AC512}.Debug|x64.ActiveCfg = Debug|Any CPU
		{7C4101E8-9499-40CD-9CAA-CF83D93AC512}.Debug|x64.Build.0 = Debug|Any CPU
		{7C4101E8-9499-40CD-9CAA-CF83D93AC512}.Debug|x86.ActiveCfg = Debug|Any CPU
		{7C4101E8-9499-40CD-9CAA-CF83D93AC512}.Debug|x86.Build.0 = Debug|Any CPU
		{7C4101E8-9499-40CD-9CAA-CF83D93AC512}.Release|Any CPU.ActiveCfg = Release|Any CPU
		{7C4101E8-9499-40CD-9CAA-CF83D93AC512}.Release|Any CPU.Build.0 = Release|Any CPU
		{7C4101E8-9499-40CD-9CAA-CF83D93AC512}.Release|x64.ActiveCfg = Release|Any CPU
		{7C4101E8-9499-40CD-9CAA-CF83D93AC512}.Release|x64.Build.0 = Release|Any CPU
		{7C4101E8-9499-40CD-9CAA-CF83D93AC512}.Release|x86.ActiveCfg = Release|Any CPU
		{7C4101E8-9499-40CD-9CAA-CF83D93AC512}.Release|x86.Build.0 = Release|Any CPU
		{56F2F2B6-37D4-4134-977B-09A8C74D096D}.Debug|Any CPU.ActiveCfg = Debug|Any CPU
		{56F2F2B6-37D4-4134-977B-09A8C74D096D}.Debug|Any CPU.Build.0 = Debug|Any CPU
		{56F2F2B6-37D4-4134-977B-09A8C74D096D}.Debug|x64.ActiveCfg = Debug|Any CPU
		{56F2F2B6-37D4-4134-977B-09A8C74D096D}.Debug|x64.Build.0 = Debug|Any CPU
		{56F2F2B6-37D4-4134-977B-09A8C74D096D}.Debug|x86.ActiveCfg = Debug|Any CPU
		{56F2F2B6-37D4-4134-977B-09A8C74D096D}.Debug|x86.Build.0 = Debug|Any CPU
		{56F2F2B6-37D4-4134-977B-09A8C74D096D}.Release|Any CPU.ActiveCfg = Release|Any CPU
		{56F2F2B6-37D4-4134-977B-09A8C74D096D}.Release|Any CPU.Build.0 = Release|Any CPU
		{56F2F2B6-37D4-4134-977B-09A8C74D096D}.Release|x64.ActiveCfg = Release|Any CPU
		{56F2F2B6-37D4-4134-977B-09A8C74D096D}.Release|x64.Build.0 = Release|Any CPU
		{56F2F2B6-37D4-4134-977B-09A8C74D096D}.Release|x86.ActiveCfg = Release|Any CPU
		{56F2F2B6-37D4-4134-977B-09A8C74D096D}.Release|x86.Build.0 = Release|Any CPU
		{AD713BFE-7F6A-4355-924A-0D56DC040AAF}.Debug|Any CPU.ActiveCfg = Debug|Any CPU
		{AD713BFE-7F6A-4355-924A-0D56DC040AAF}.Debug|Any CPU.Build.0 = Debug|Any CPU
		{AD713BFE-7F6A-4355-924A-0D56DC040AAF}.Debug|x64.ActiveCfg = Debug|Any CPU
		{AD713BFE-7F6A-4355-924A-0D56DC040AAF}.Debug|x64.Build.0 = Debug|Any CPU
		{AD713BFE-7F6A-4355-924A-0D56DC040AAF}.Debug|x86.ActiveCfg = Debug|Any CPU
		{AD713BFE-7F6A-4355-924A-0D56DC040AAF}.Debug|x86.Build.0 = Debug|Any CPU
		{AD713BFE-7F6A-4355-924A-0D56DC040AAF}.Release|Any CPU.ActiveCfg = Release|Any CPU
		{AD713BFE-7F6A-4355-924A-0D56DC040AAF}.Release|Any CPU.Build.0 = Release|Any CPU
		{AD713BFE-7F6A-4355-924A-0D56DC040AAF}.Release|x64.ActiveCfg = Release|Any CPU
		{AD713BFE-7F6A-4355-924A-0D56DC040AAF}.Release|x64.Build.0 = Release|Any CPU
		{AD713BFE-7F6A-4355-924A-0D56DC040AAF}.Release|x86.ActiveCfg = Release|Any CPU
		{AD713BFE-7F6A-4355-924A-0D56DC040AAF}.Release|x86.Build.0 = Release|Any CPU
		{C2067DA2-8D67-417F-88EB-96B220A12D38}.Debug|Any CPU.ActiveCfg = Debug|Any CPU
		{C2067DA2-8D67-417F-88EB-96B220A12D38}.Debug|Any CPU.Build.0 = Debug|Any CPU
		{C2067DA2-8D67-417F-88EB-96B220A12D38}.Debug|x64.ActiveCfg = Debug|Any CPU
		{C2067DA2-8D67-417F-88EB-96B220A12D38}.Debug|x64.Build.0 = Debug|Any CPU
		{C2067DA2-8D67-417F-88EB-96B220A12D38}.Debug|x86.ActiveCfg = Debug|Any CPU
		{C2067DA2-8D67-417F-88EB-96B220A12D38}.Debug|x86.Build.0 = Debug|Any CPU
		{C2067DA2-8D67-417F-88EB-96B220A12D38}.Release|Any CPU.ActiveCfg = Release|Any CPU
		{C2067DA2-8D67-417F-88EB-96B220A12D38}.Release|Any CPU.Build.0 = Release|Any CPU
		{C2067DA2-8D67-417F-88EB-96B220A12D38}.Release|x64.ActiveCfg = Release|Any CPU
		{C2067DA2-8D67-417F-88EB-96B220A12D38}.Release|x64.Build.0 = Release|Any CPU
		{C2067DA2-8D67-417F-88EB-96B220A12D38}.Release|x86.ActiveCfg = Release|Any CPU
		{C2067DA2-8D67-417F-88EB-96B220A12D38}.Release|x86.Build.0 = Release|Any CPU
		{42B18ACF-F378-409A-984C-4075C8E3EB19}.Debug|Any CPU.ActiveCfg = Debug|Any CPU
		{42B18ACF-F378-409A-984C-4075C8E3EB19}.Debug|Any CPU.Build.0 = Debug|Any CPU
		{42B18ACF-F378-409A-984C-4075C8E3EB19}.Debug|x64.ActiveCfg = Debug|Any CPU
		{42B18ACF-F378-409A-984C-4075C8E3EB19}.Debug|x64.Build.0 = Debug|Any CPU
		{42B18ACF-F378-409A-984C-4075C8E3EB19}.Debug|x86.ActiveCfg = Debug|Any CPU
		{42B18ACF-F378-409A-984C-4075C8E3EB19}.Debug|x86.Build.0 = Debug|Any CPU
		{42B18ACF-F378-409A-984C-4075C8E3EB19}.Release|Any CPU.ActiveCfg = Release|Any CPU
		{42B18ACF-F378-409A-984C-4075C8E3EB19}.Release|Any CPU.Build.0 = Release|Any CPU
		{42B18ACF-F378-409A-984C-4075C8E3EB19}.Release|x64.ActiveCfg = Release|Any CPU
		{42B18ACF-F378-409A-984C-4075C8E3EB19}.Release|x64.Build.0 = Release|Any CPU
		{42B18ACF-F378-409A-984C-4075C8E3EB19}.Release|x86.ActiveCfg = Release|Any CPU
		{42B18ACF-F378-409A-984C-4075C8E3EB19}.Release|x86.Build.0 = Release|Any CPU
		{29C1EF56-0AAD-499D-8DDF-589FF4392DEF}.Debug|Any CPU.ActiveCfg = Debug|Any CPU
		{29C1EF56-0AAD-499D-8DDF-589FF4392DEF}.Debug|Any CPU.Build.0 = Debug|Any CPU
		{29C1EF56-0AAD-499D-8DDF-589FF4392DEF}.Debug|x64.ActiveCfg = Debug|Any CPU
		{29C1EF56-0AAD-499D-8DDF-589FF4392DEF}.Debug|x64.Build.0 = Debug|Any CPU
		{29C1EF56-0AAD-499D-8DDF-589FF4392DEF}.Debug|x86.ActiveCfg = Debug|Any CPU
		{29C1EF56-0AAD-499D-8DDF-589FF4392DEF}.Debug|x86.Build.0 = Debug|Any CPU
		{29C1EF56-0AAD-499D-8DDF-589FF4392DEF}.Release|Any CPU.ActiveCfg = Release|Any CPU
		{29C1EF56-0AAD-499D-8DDF-589FF4392DEF}.Release|Any CPU.Build.0 = Release|Any CPU
		{29C1EF56-0AAD-499D-8DDF-589FF4392DEF}.Release|x64.ActiveCfg = Release|Any CPU
		{29C1EF56-0AAD-499D-8DDF-589FF4392DEF}.Release|x64.Build.0 = Release|Any CPU
		{29C1EF56-0AAD-499D-8DDF-589FF4392DEF}.Release|x86.ActiveCfg = Release|Any CPU
		{29C1EF56-0AAD-499D-8DDF-589FF4392DEF}.Release|x86.Build.0 = Release|Any CPU
		{F2D4AE19-F087-4D89-928D-646E24B6B80C}.Debug|Any CPU.ActiveCfg = Debug|Any CPU
		{F2D4AE19-F087-4D89-928D-646E24B6B80C}.Debug|Any CPU.Build.0 = Debug|Any CPU
		{F2D4AE19-F087-4D89-928D-646E24B6B80C}.Debug|x64.ActiveCfg = Debug|Any CPU
		{F2D4AE19-F087-4D89-928D-646E24B6B80C}.Debug|x64.Build.0 = Debug|Any CPU
		{F2D4AE19-F087-4D89-928D-646E24B6B80C}.Debug|x86.ActiveCfg = Debug|Any CPU
		{F2D4AE19-F087-4D89-928D-646E24B6B80C}.Debug|x86.Build.0 = Debug|Any CPU
		{F2D4AE19-F087-4D89-928D-646E24B6B80C}.Release|Any CPU.ActiveCfg = Release|Any CPU
		{F2D4AE19-F087-4D89-928D-646E24B6B80C}.Release|Any CPU.Build.0 = Release|Any CPU
		{F2D4AE19-F087-4D89-928D-646E24B6B80C}.Release|x64.ActiveCfg = Release|Any CPU
		{F2D4AE19-F087-4D89-928D-646E24B6B80C}.Release|x64.Build.0 = Release|Any CPU
		{F2D4AE19-F087-4D89-928D-646E24B6B80C}.Release|x86.ActiveCfg = Release|Any CPU
		{F2D4AE19-F087-4D89-928D-646E24B6B80C}.Release|x86.Build.0 = Release|Any CPU
	EndGlobalSection
	GlobalSection(SolutionProperties) = preSolution
		HideSolutionNode = FALSE
	EndGlobalSection
	GlobalSection(NestedProjects) = preSolution
		{7C4101E8-9499-40CD-9CAA-CF83D93AC512} = {05F57C3A-2CF0-97EB-B164-D10326258EE5}
		{56F2F2B6-37D4-4134-977B-09A8C74D096D} = {05F57C3A-2CF0-97EB-B164-D10326258EE5}
		{AD713BFE-7F6A-4355-924A-0D56DC040AAF} = {05F57C3A-2CF0-97EB-B164-D10326258EE5}
		{C2067DA2-8D67-417F-88EB-96B220A12D38} = {05F57C3A-2CF0-97EB-B164-D10326258EE5}
		{42B18ACF-F378-409A-984C-4075C8E3EB19} = {05F57C3A-2CF0-97EB-B164-D10326258EE5}
		{29C1EF56-0AAD-499D-8DDF-589FF4392DEF} = {05F57C3A-2CF0-97EB-B164-D10326258EE5}
	EndGlobalSection
EndGlobal
